
Microsoft Visual Studio Solution File, Format Version 12.00
# Visual Studio 2012
Project("{FAE04EC0-301F-11D3-BF4B-00C04F79EFBC}") = "Sample.AngularJS.UI.Web", "Sample.AngularJS.UI.Web\Sample.AngularJS.UI.Web.csproj", "{FD89910D-924E-4430-AE02-C83E3E8B1C91}"
EndProject
Project("{FAE04EC0-301F-11D3-BF4B-00C04F79EFBC}") = "Sample.AngularJS.UI.Web.Tests", "Sample.AngularJS.UI.Web.Tests\Sample.AngularJS.UI.Web.Tests.csproj", "{26E96891-2F3A-44B0-BD52-4E8B7CD784BC}"
EndProject
Project("{2150E333-8FDC-42A3-9474-1A3956D46DE8}") = "2 - Camadas", "2 - Camadas", "{A2E53978-21AC-4F86-B401-38656658B627}"
EndProject
Project("{2150E333-8FDC-42A3-9474-1A3956D46DE8}") = "1 - Arquitetura e Design", "1 - Arquitetura e Design", "{ACEC55D1-8201-4F5F-9FF2-95B1A185F0DF}"
EndProject
Project("{2150E333-8FDC-42A3-9474-1A3956D46DE8}") = "3 - Qualidade", "3 - Qualidade", "{91455476-9A8D-46D3-B18B-F9403931F2AD}"
EndProject
Project("{2150E333-8FDC-42A3-9474-1A3956D46DE8}") = "3.1 - Testes Unitários", "3.1 - Testes Unitários", "{499D7751-7FA3-4A1F-BBB8-A2542A4DF348}"
EndProject
Project("{2150E333-8FDC-42A3-9474-1A3956D46DE8}") = "3.2 - Testes de Carga", "3.2 - Testes de Carga", "{A574F25B-F927-48EB-A089-CB770A8FD966}"
EndProject
Project("{2150E333-8FDC-42A3-9474-1A3956D46DE8}") = "3.3 - Testes Automatizados", "3.3 - Testes Automatizados", "{182A3D2C-CEF6-49AD-BE1B-D1AA55610569}"
EndProject
Project("{2150E333-8FDC-42A3-9474-1A3956D46DE8}") = "2.1 - Apresentação", "2.1 - Apresentação", "{B875CD09-80C5-4C32-8EF2-B6940B4C2BBC}"
EndProject
Project("{2150E333-8FDC-42A3-9474-1A3956D46DE8}") = "2.2 - Serviços Distribuidos", "2.2 - Serviços Distribuidos", "{AE08D59A-4AA8-4731-8ECA-E88150C97FC7}"
EndProject
Project("{2150E333-8FDC-42A3-9474-1A3956D46DE8}") = "2.4 - Domínio", "2.4 - Domínio", "{0012CD12-BE72-488A-A48D-3ADA5C64C269}"
EndProject
Project("{2150E333-8FDC-42A3-9474-1A3956D46DE8}") = "2.5 - Infraestrutura de Persistência", "2.5 - Infraestrutura de Persistência", "{48D89189-89E6-4574-AB24-416AACE38492}"
EndProject
Project("{2150E333-8FDC-42A3-9474-1A3956D46DE8}") = "2.6 - Infraestrutura Vertical", "2.6 - Infraestrutura Vertical", "{4526D6B7-14B3-4A2B-86AC-6E789DD99491}"
EndProject
Project("{2150E333-8FDC-42A3-9474-1A3956D46DE8}") = "2.3 - Aplicação", "2.3 - Aplicação", "{C593C8F1-591C-4A47-BBE6-929EF1794513}"
EndProject
Global
	GlobalSection(SolutionConfigurationPlatforms) = preSolution
		Debug|Any CPU = Debug|Any CPU
		Release|Any CPU = Release|Any CPU
	EndGlobalSection
	GlobalSection(ProjectConfigurationPlatforms) = postSolution
		{FD89910D-924E-4430-AE02-C83E3E8B1C91}.Debug|Any CPU.ActiveCfg = Debug|Any CPU
		{FD89910D-924E-4430-AE02-C83E3E8B1C91}.Debug|Any CPU.Build.0 = Debug|Any CPU
		{FD89910D-924E-4430-AE02-C83E3E8B1C91}.Release|Any CPU.ActiveCfg = Release|Any CPU
		{FD89910D-924E-4430-AE02-C83E3E8B1C91}.Release|Any CPU.Build.0 = Release|Any CPU
		{26E96891-2F3A-44B0-BD52-4E8B7CD784BC}.Debug|Any CPU.ActiveCfg = Debug|Any CPU
		{26E96891-2F3A-44B0-BD52-4E8B7CD784BC}.Debug|Any CPU.Build.0 = Debug|Any CPU
		{26E96891-2F3A-44B0-BD52-4E8B7CD784BC}.Release|Any CPU.ActiveCfg = Release|Any CPU
		{26E96891-2F3A-44B0-BD52-4E8B7CD784BC}.Release|Any CPU.Build.0 = Release|Any CPU
	EndGlobalSection
	GlobalSection(SolutionProperties) = preSolution
		HideSolutionNode = FALSE
	EndGlobalSection
	GlobalSection(NestedProjects) = preSolution
		{B875CD09-80C5-4C32-8EF2-B6940B4C2BBC} = {A2E53978-21AC-4F86-B401-38656658B627}
		{AE08D59A-4AA8-4731-8ECA-E88150C97FC7} = {A2E53978-21AC-4F86-B401-38656658B627}
		{0012CD12-BE72-488A-A48D-3ADA5C64C269} = {A2E53978-21AC-4F86-B401-38656658B627}
		{48D89189-89E6-4574-AB24-416AACE38492} = {A2E53978-21AC-4F86-B401-38656658B627}
		{4526D6B7-14B3-4A2B-86AC-6E789DD99491} = {A2E53978-21AC-4F86-B401-38656658B627}
		{C593C8F1-591C-4A47-BBE6-929EF1794513} = {A2E53978-21AC-4F86-B401-38656658B627}
		{499D7751-7FA3-4A1F-BBB8-A2542A4DF348} = {91455476-9A8D-46D3-B18B-F9403931F2AD}
		{A574F25B-F927-48EB-A089-CB770A8FD966} = {91455476-9A8D-46D3-B18B-F9403931F2AD}
		{182A3D2C-CEF6-49AD-BE1B-D1AA55610569} = {91455476-9A8D-46D3-B18B-F9403931F2AD}
		{26E96891-2F3A-44B0-BD52-4E8B7CD784BC} = {499D7751-7FA3-4A1F-BBB8-A2542A4DF348}
		{FD89910D-924E-4430-AE02-C83E3E8B1C91} = {B875CD09-80C5-4C32-8EF2-B6940B4C2BBC}
	EndGlobalSection
EndGlobal
